
Microsoft Visual Studio Solution File, Format Version 12.00
# Visual Studio Version 17
VisualStudioVersion = 17.0.31903.59
MinimumVisualStudioVersion = 10.0.40219.1
Project("{FAE04EC0-301F-11D3-BF4B-00C04F79EFBC}") = "CHAP2API", "CHAP2API\CHAP2API.csproj", "{90DC24E1-9001-4842-8618-35C970B90E83}"
EndProject
Project("{FAE04EC0-301F-11D3-BF4B-00C04F79EFBC}") = "CHAP2Console", "CHAP2Console\CHAP2Console.csproj", "{B7415B4C-FC4B-47B8-A673-6CBF07FF5AB0}"
EndProject
Global
	GlobalSection(SolutionConfigurationPlatforms) = preSolution
		Debug|Any CPU = Debug|Any CPU
		Release|Any CPU = Release|Any CPU
	EndGlobalSection
	GlobalSection(SolutionProperties) = preSolution
		HideSolutionNode = FALSE
	EndGlobalSection
	GlobalSection(ProjectConfigurationPlatforms) = postSolution
		{90DC24E1-9001-4842-8618-35C970B90E83}.Debug|Any CPU.ActiveCfg = Debug|Any CPU
		{90DC24E1-9001-4842-8618-35C970B90E83}.Debug|Any CPU.Build.0 = Debug|Any CPU
		{90DC24E1-9001-4842-8618-35C970B90E83}.Release|Any CPU.ActiveCfg = Release|Any CPU
		{90DC24E1-9001-4842-8618-35C970B90E83}.Release|Any CPU.Build.0 = Release|Any CPU
		{B7415B4C-FC4B-47B8-A673-6CBF07FF5AB0}.Debug|Any CPU.ActiveCfg = Debug|Any CPU
		{B7415B4C-FC4B-47B8-A673-6CBF07FF5AB0}.Debug|Any CPU.Build.0 = Debug|Any CPU
		{B7415B4C-FC4B-47B8-A673-6CBF07FF5AB0}.Release|Any CPU.ActiveCfg = Release|Any CPU
		{B7415B4C-FC4B-47B8-A673-6CBF07FF5AB0}.Release|Any CPU.Build.0 = Release|Any CPU
	EndGlobalSection
EndGlobal
